
Microsoft Visual Studio Solution File, Format Version 12.00
# Visual Studio 15
VisualStudioVersion = 15.0.27004.2005
MinimumVisualStudioVersion = 10.0.40219.1
Project("{FAE04EC0-301F-11D3-BF4B-00C04F79EFBC}") = "BilletLibrary", "BilletLibrary\BilletLibrary.csproj", "{95205690-87EB-4952-A65A-52DC68C832B8}"
EndProject
Global
	GlobalSection(SolutionConfigurationPlatforms) = preSolution
		Debug|Any CPU = Debug|Any CPU
		Release|Any CPU = Release|Any CPU
	EndGlobalSection
	GlobalSection(ProjectConfigurationPlatforms) = postSolution
		{95205690-87EB-4952-A65A-52DC68C832B8}.Debug|Any CPU.ActiveCfg = Debug|Any CPU
		{95205690-87EB-4952-A65A-52DC68C832B8}.Debug|Any CPU.Build.0 = Debug|Any CPU
		{95205690-87EB-4952-A65A-52DC68C832B8}.Release|Any CPU.ActiveCfg = Release|Any CPU
		{95205690-87EB-4952-A65A-52DC68C832B8}.Release|Any CPU.Build.0 = Release|Any CPU
	EndGlobalSection
	GlobalSection(SolutionProperties) = preSolution
		HideSolutionNode = FALSE
	EndGlobalSection
	GlobalSection(ExtensibilityGlobals) = postSolution
		SolutionGuid = {4FDD7A27-0401-411B-B951-2AF55B277AC1}
	EndGlobalSection
EndGlobal
